
Microsoft Visual Studio Solution File, Format Version 12.00
# Visual Studio Version 16
VisualStudioVersion = 16.0.31410.357
MinimumVisualStudioVersion = 10.0.40219.1
Project("{FAE04EC0-301F-11D3-BF4B-00C04F79EFBC}") = "Матрица", "Матрица\Матрица.csproj", "{BC43EDE2-5B88-40C2-90DA-CA9344C3168B}"
EndProject
Global
	GlobalSection(SolutionConfigurationPlatforms) = preSolution
		Debug|Any CPU = Debug|Any CPU
		Release|Any CPU = Release|Any CPU
	EndGlobalSection
	GlobalSection(ProjectConfigurationPlatforms) = postSolution
		{BC43EDE2-5B88-40C2-90DA-CA9344C3168B}.Debug|Any CPU.ActiveCfg = Debug|Any CPU
		{BC43EDE2-5B88-40C2-90DA-CA9344C3168B}.Debug|Any CPU.Build.0 = Debug|Any CPU
		{BC43EDE2-5B88-40C2-90DA-CA9344C3168B}.Release|Any CPU.ActiveCfg = Release|Any CPU
		{BC43EDE2-5B88-40C2-90DA-CA9344C3168B}.Release|Any CPU.Build.0 = Release|Any CPU
	EndGlobalSection
	GlobalSection(SolutionProperties) = preSolution
		HideSolutionNode = FALSE
	EndGlobalSection
	GlobalSection(ExtensibilityGlobals) = postSolution
		SolutionGuid = {A011345A-B8CD-4AFA-BE5E-4438D4B2840F}
	EndGlobalSection
EndGlobal
